<?xml version="1.0" encoding="utf-8"?>
<Project ToolsVersion="4.0" xmlns="http://schemas.microsoft.com/developer/msbuild/2003">
  <ItemGroup>
    <Filter Include="Resource Files">
      <UniqueIdentifier>{D9D6E242-F8AF-46E4-B9FD-80ECBC20BA3E}</UniqueIdentifier>
      <Extensions>qrc;*</Extensions>
      <ParseFiles>false</ParseFiles>
    </Filter>
    <Filter Include="Generated Files">
      <UniqueIdentifier>{71ED8ED8-ACB9-4CE9-BBE1-E00B30144E11}</UniqueIdentifier>
      <Extensions>moc;h;cpp</Extensions>
      <SourceControlFiles>False</SourceControlFiles>
    </Filter>
  </ItemGroup>
  <ItemGroup>
    <ClInclude Include="GeometryEngine.h">
      <Filter>Generated Files</Filter>
    </ClInclude>
    <ClInclude Include="GeometryScene.h">
      <Filter>Generated Files</Filter>
    </ClInclude>
    <ClInclude Include="Items\Geometries\Cube.h">
      <Filter>Generated Files</Filter>
    </ClInclude>
    <ClInclude Include="Items\GeometryItem.h" />
    <ClInclude Include="Items\WorldItem.h">
      <Filter>Generated Files</Filter>
    </ClInclude>
    <ClInclude Include="Items\GraphicItems\Camera.h">
      <Filter>Generated Files</Filter>
    </ClInclude>
    <ClInclude Include="SceneManager.h">
      <Filter>Generated Files</Filter>
    </ClInclude>
    <ClInclude Include="Items\GraphicItems\Light.h">
      <Filter>Generated Files</Filter>
    </ClInclude>
    <ClInclude Include="Items\GraphicItems\Lights\DirectionalLight.h">
      <Filter>Generated Files</Filter>
    </ClInclude>
    <ClInclude Include="Items\GraphicItems\Lights\PointLight.h">
      <Filter>Generated Files</Filter>
    </ClInclude>
    <ClInclude Include="Items\GraphicItems\Lights\Spotlight.h">
      <Filter>Generated Files</Filter>
    </ClInclude>
    <ClInclude Include="Items\GraphicItems\Lights\AmbientLight.h">
      <Filter>Generated Files</Filter>
    </ClInclude>
    <ClInclude Include="Items\Materials\Material.h">
      <Filter>Generated Files</Filter>
    </ClInclude>
    <ClInclude Include="Items\Materials\TextureMaterial.h">
      <Filter>Generated Files</Filter>
    </ClInclude>
    <ClInclude Include="Items\Materials\ColorMaterial.h">
      <Filter>Generated Files</Filter>
    </ClInclude>
    <ClInclude Include="Render Utils\GBuffer.h">
      <Filter>Generated Files</Filter>
    </ClInclude>
    <ClInclude Include="Items\GraphicItems\Cameras\DeferredShadingCamera.h">
      <Filter>Generated Files</Filter>
    </ClInclude>
    <ClInclude Include="Items\GraphicItems\Cameras\DeferredShading\OrthographicCamera.h">
      <Filter>Generated Files</Filter>
    </ClInclude>
    <ClInclude Include="Items\GraphicItems\Cameras\DeferredShading\PerspectiveCamera.h">
      <Filter>Generated Files</Filter>
    </ClInclude>
    <ClInclude Include="Items\Geometries\Sphere.h">
      <Filter>Generated Files</Filter>
    </ClInclude>
    <ClInclude Include="Items\GraphicItems\DeferredShadingLight.h">
      <Filter>Generated Files</Filter>
    </ClInclude>
    <ClInclude Include="Items\Geometries\Quad.h">
      <Filter>Generated Files</Filter>
    </ClInclude>
  </ItemGroup>
  <ItemGroup>
    <ClCompile Include="GeometryEngine.cpp">
      <Filter>Generated Files</Filter>
    </ClCompile>
    <ClCompile Include="GeometryScene.cpp">
      <Filter>Generated Files</Filter>
    </ClCompile>
    <ClCompile Include="Items\GeometryItem.cpp" />
    <ClCompile Include="Items\WorldItem.cpp">
      <Filter>Generated Files</Filter>
    </ClCompile>
    <ClCompile Include="Items\GraphicItems\Camera.cpp">
      <Filter>Generated Files</Filter>
    </ClCompile>
    <ClCompile Include="Items\Geometries\Cube.cpp">
      <Filter>Generated Files</Filter>
    </ClCompile>
    <ClCompile Include="SceneManager.cpp">
      <Filter>Generated Files</Filter>
    </ClCompile>
    <ClCompile Include="Items\GraphicItems\Light.cpp">
      <Filter>Generated Files</Filter>
    </ClCompile>
    <ClCompile Include="Items\GraphicItems\Lights\DirectionalLight.cpp">
      <Filter>Generated Files</Filter>
    </ClCompile>
    <ClCompile Include="Items\GraphicItems\Lights\PointLight.cpp">
      <Filter>Generated Files</Filter>
    </ClCompile>
    <ClCompile Include="Items\GraphicItems\Lights\Spotlight.cpp">
      <Filter>Generated Files</Filter>
    </ClCompile>
    <ClCompile Include="Items\GraphicItems\Lights\AmbientLight.cpp">
      <Filter>Generated Files</Filter>
    </ClCompile>
    <ClCompile Include="Items\Materials\Material.cpp">
      <Filter>Generated Files</Filter>
    </ClCompile>
    <ClCompile Include="Items\Materials\TextureMaterial.cpp">
      <Filter>Generated Files</Filter>
    </ClCompile>
    <ClCompile Include="Items\Materials\ColorMaterial.cpp">
      <Filter>Generated Files</Filter>
    </ClCompile>
    <ClCompile Include="Render Utils\GBuffer.cpp">
      <Filter>Generated Files</Filter>
    </ClCompile>
    <ClCompile Include="Items\GraphicItems\Cameras\DeferredShadingCamera.cpp">
      <Filter>Generated Files</Filter>
    </ClCompile>
    <ClCompile Include="Items\GraphicItems\Cameras\DeferredShading\OrthographicCamera.cpp">
      <Filter>Generated Files</Filter>
    </ClCompile>
    <ClCompile Include="Items\GraphicItems\Cameras\DeferredShading\PerspectiveCamera.cpp">
      <Filter>Generated Files</Filter>
    </ClCompile>
    <ClCompile Include="Items\Geometries\Sphere.cpp">
      <Filter>Generated Files</Filter>
    </ClCompile>
    <ClCompile Include="Items\GraphicItems\DeferredShadingLight.cpp">
      <Filter>Generated Files</Filter>
    </ClCompile>
    <ClCompile Include="Items\Geometries\Quad.cpp">
      <Filter>Generated Files</Filter>
    </ClCompile>
  </ItemGroup>
</Project>